// !$*UTF8*$!
{
	archiveVersion = 1;
	classes = {
	};
	objectVersion = 46;
	objects = {

/* Begin PBXBuildFile section */
		3ACCAF2621BD302A0075F4C9 /* AppDelegate.swift in Sources */ = {isa = PBXBuildFile; fileRef = 3ACCAF2521BD302A0075F4C9 /* AppDelegate.swift */; };
		3ACCAF2821BD302A0075F4C9 /* ViewController.swift in Sources */ = {isa = PBXBuildFile; fileRef = 3ACCAF2721BD302A0075F4C9 /* ViewController.swift */; };
		3ACCAF2B21BD302A0075F4C9 /* Main.storyboard in Resources */ = {isa = PBXBuildFile; fileRef = 3ACCAF2921BD302A0075F4C9 /* Main.storyboard */; };
		3ACCAF2D21BD302A0075F4C9 /* Assets.xcassets in Resources */ = {isa = PBXBuildFile; fileRef = 3ACCAF2C21BD302A0075F4C9 /* Assets.xcassets */; };
		3ACCAF3021BD302A0075F4C9 /* LaunchScreen.storyboard in Resources */ = {isa = PBXBuildFile; fileRef = 3ACCAF2E21BD302A0075F4C9 /* LaunchScreen.storyboard */; };
		3ACCAF3B21BD302B0075F4C9 /* QuadTreeTests.swift in Sources */ = {isa = PBXBuildFile; fileRef = 3ACCAF3A21BD302B0075F4C9 /* QuadTreeTests.swift */; };
		3ACCAF4621BD302B0075F4C9 /* QuadTreeUITests.swift in Sources */ = {isa = PBXBuildFile; fileRef = 3ACCAF4521BD302B0075F4C9 /* QuadTreeUITests.swift */; };
		3ACCAF5421BD35B50075F4C9 /* QuadTree.swift in Sources */ = {isa = PBXBuildFile; fileRef = 3ACCAF5321BD35B50075F4C9 /* QuadTree.swift */; };
		3ACCAF5521BD35B50075F4C9 /* QuadTree.swift in Sources */ = {isa = PBXBuildFile; fileRef = 3ACCAF5321BD35B50075F4C9 /* QuadTree.swift */; };
/* End PBXBuildFile section */

/* Begin PBXContainerItemProxy section */
		3ACCAF3721BD302B0075F4C9 /* PBXContainerItemProxy */ = {
			isa = PBXContainerItemProxy;
			containerPortal = 3ACCAF1A21BD302A0075F4C9 /* Project object */;
			proxyType = 1;
			remoteGlobalIDString = 3ACCAF2121BD302A0075F4C9;
			remoteInfo = QuadTree;
		};
		3ACCAF4221BD302B0075F4C9 /* PBXContainerItemProxy */ = {
			isa = PBXContainerItemProxy;
			containerPortal = 3ACCAF1A21BD302A0075F4C9 /* Project object */;
			proxyType = 1;
			remoteGlobalIDString = 3ACCAF2121BD302A0075F4C9;
			remoteInfo = QuadTree;
		};
/* End PBXContainerItemProxy section */

/* Begin PBXFileReference section */
		3ACCAF2221BD302A0075F4C9 /* QuadTree.app */ = {isa = PBXFileReference; explicitFileType = wrapper.application; includeInIndex = 0; path = QuadTree.app; sourceTree = BUILT_PRODUCTS_DIR; };
		3ACCAF2521BD302A0075F4C9 /* AppDelegate.swift */ = {isa = PBXFileReference; lastKnownFileType = sourcecode.swift; path = AppDelegate.swift; sourceTree = "<group>"; };
		3ACCAF2721BD302A0075F4C9 /* ViewController.swift */ = {isa = PBXFileReference; lastKnownFileType = sourcecode.swift; path = ViewController.swift; sourceTree = "<group>"; };
		3ACCAF2A21BD302A0075F4C9 /* Base */ = {isa = PBXFileReference; lastKnownFileType = file.storyboard; name = Base; path = Base.lproj/Main.storyboard; sourceTree = "<group>"; };
		3ACCAF2C21BD302A0075F4C9 /* Assets.xcassets */ = {isa = PBXFileReference; lastKnownFileType = folder.assetcatalog; path = Assets.xcassets; sourceTree = "<group>"; };
		3ACCAF2F21BD302A0075F4C9 /* Base */ = {isa = PBXFileReference; lastKnownFileType = file.storyboard; name = Base; path = Base.lproj/LaunchScreen.storyboard; sourceTree = "<group>"; };
		3ACCAF3121BD302A0075F4C9 /* Info.plist */ = {isa = PBXFileReference; lastKnownFileType = text.plist.xml; path = Info.plist; sourceTree = "<group>"; };
		3ACCAF3621BD302B0075F4C9 /* QuadTreeTests.xctest */ = {isa = PBXFileReference; explicitFileType = wrapper.cfbundle; includeInIndex = 0; path = QuadTreeTests.xctest; sourceTree = BUILT_PRODUCTS_DIR; };
		3ACCAF3A21BD302B0075F4C9 /* QuadTreeTests.swift */ = {isa = PBXFileReference; lastKnownFileType = sourcecode.swift; path = QuadTreeTests.swift; sourceTree = "<group>"; };
		3ACCAF3C21BD302B0075F4C9 /* Info.plist */ = {isa = PBXFileReference; lastKnownFileType = text.plist.xml; path = Info.plist; sourceTree = "<group>"; };
		3ACCAF4121BD302B0075F4C9 /* QuadTreeUITests.xctest */ = {isa = PBXFileReference; explicitFileType = wrapper.cfbundle; includeInIndex = 0; path = QuadTreeUITests.xctest; sourceTree = BUILT_PRODUCTS_DIR; };
		3ACCAF4521BD302B0075F4C9 /* QuadTreeUITests.swift */ = {isa = PBXFileReference; lastKnownFileType = sourcecode.swift; path = QuadTreeUITests.swift; sourceTree = "<group>"; };
		3ACCAF4721BD302B0075F4C9 /* Info.plist */ = {isa = PBXFileReference; lastKnownFileType = text.plist.xml; path = Info.plist; sourceTree = "<group>"; };
		3ACCAF5321BD35B50075F4C9 /* QuadTree.swift */ = {isa = PBXFileReference; fileEncoding = 4; lastKnownFileType = sourcecode.swift; path = QuadTree.swift; sourceTree = "<group>"; };
/* End PBXFileReference section */

/* Begin PBXFrameworksBuildPhase section */
		3ACCAF1F21BD302A0075F4C9 /* Frameworks */ = {
			isa = PBXFrameworksBuildPhase;
			buildActionMask = 2147483647;
			files = (
			);
			runOnlyForDeploymentPostprocessing = 0;
		};
		3ACCAF3321BD302B0075F4C9 /* Frameworks */ = {
			isa = PBXFrameworksBuildPhase;
			buildActionMask = 2147483647;
			files = (
			);
			runOnlyForDeploymentPostprocessing = 0;
		};
		3ACCAF3E21BD302B0075F4C9 /* Frameworks */ = {
			isa = PBXFrameworksBuildPhase;
			buildActionMask = 2147483647;
			files = (
			);
			runOnlyForDeploymentPostprocessing = 0;
		};
/* End PBXFrameworksBuildPhase section */

/* Begin PBXGroup section */
		3ACCAF1921BD302A0075F4C9 = {
			isa = PBXGroup;
			children = (
				3ACCAF2421BD302A0075F4C9 /* QuadTree */,
				3ACCAF3921BD302B0075F4C9 /* QuadTreeTests */,
				3ACCAF4421BD302B0075F4C9 /* QuadTreeUITests */,
				3ACCAF2321BD302A0075F4C9 /* Products */,
			);
			sourceTree = "<group>";
		};
		3ACCAF2321BD302A0075F4C9 /* Products */ = {
			isa = PBXGroup;
			children = (
				3ACCAF2221BD302A0075F4C9 /* QuadTree.app */,
				3ACCAF3621BD302B0075F4C9 /* QuadTreeTests.xctest */,
				3ACCAF4121BD302B0075F4C9 /* QuadTreeUITests.xctest */,
			);
			name = Products;
			sourceTree = "<group>";
		};
		3ACCAF2421BD302A0075F4C9 /* QuadTree */ = {
			isa = PBXGroup;
			children = (
				3ACCAF2521BD302A0075F4C9 /* AppDelegate.swift */,
				3ACCAF2721BD302A0075F4C9 /* ViewController.swift */,
				3ACCAF5321BD35B50075F4C9 /* QuadTree.swift */,
				3ACCAF2921BD302A0075F4C9 /* Main.storyboard */,
				3ACCAF2C21BD302A0075F4C9 /* Assets.xcassets */,
				3ACCAF2E21BD302A0075F4C9 /* LaunchScreen.storyboard */,
				3ACCAF3121BD302A0075F4C9 /* Info.plist */,
			);
			path = QuadTree;
			sourceTree = "<group>";
		};
		3ACCAF3921BD302B0075F4C9 /* QuadTreeTests */ = {
			isa = PBXGroup;
			children = (
				3ACCAF3A21BD302B0075F4C9 /* QuadTreeTests.swift */,
				3ACCAF3C21BD302B0075F4C9 /* Info.plist */,
			);
			path = QuadTreeTests;
			sourceTree = "<group>";
		};
		3ACCAF4421BD302B0075F4C9 /* QuadTreeUITests */ = {
			isa = PBXGroup;
			children = (
				3ACCAF4521BD302B0075F4C9 /* QuadTreeUITests.swift */,
				3ACCAF4721BD302B0075F4C9 /* Info.plist */,
			);
			path = QuadTreeUITests;
			sourceTree = "<group>";
		};
/* End PBXGroup section */

/* Begin PBXNativeTarget section */
		3ACCAF2121BD302A0075F4C9 /* QuadTree */ = {
			isa = PBXNativeTarget;
			buildConfigurationList = 3ACCAF4A21BD302B0075F4C9 /* Build configuration list for PBXNativeTarget "QuadTree" */;
			buildPhases = (
				3ACCAF1E21BD302A0075F4C9 /* Sources */,
				3ACCAF1F21BD302A0075F4C9 /* Frameworks */,
				3ACCAF2021BD302A0075F4C9 /* Resources */,
			);
			buildRules = (
			);
			dependencies = (
			);
			name = QuadTree;
			productName = QuadTree;
			productReference = 3ACCAF2221BD302A0075F4C9 /* QuadTree.app */;
			productType = "com.apple.product-type.application";
		};
		3ACCAF3521BD302B0075F4C9 /* QuadTreeTests */ = {
			isa = PBXNativeTarget;
			buildConfigurationList = 3ACCAF4D21BD302B0075F4C9 /* Build configuration list for PBXNativeTarget "QuadTreeTests" */;
			buildPhases = (
				3ACCAF3221BD302B0075F4C9 /* Sources */,
				3ACCAF3321BD302B0075F4C9 /* Frameworks */,
				3ACCAF3421BD302B0075F4C9 /* Resources */,
			);
			buildRules = (
			);
			dependencies = (
				3ACCAF3821BD302B0075F4C9 /* PBXTargetDependency */,
			);
			name = QuadTreeTests;
			productName = QuadTreeTests;
			productReference = 3ACCAF3621BD302B0075F4C9 /* QuadTreeTests.xctest */;
			productType = "com.apple.product-type.bundle.unit-test";
		};
		3ACCAF4021BD302B0075F4C9 /* QuadTreeUITests */ = {
			isa = PBXNativeTarget;
			buildConfigurationList = 3ACCAF5021BD302B0075F4C9 /* Build configuration list for PBXNativeTarget "QuadTreeUITests" */;
			buildPhases = (
				3ACCAF3D21BD302B0075F4C9 /* Sources */,
				3ACCAF3E21BD302B0075F4C9 /* Frameworks */,
				3ACCAF3F21BD302B0075F4C9 /* Resources */,
			);
			buildRules = (
			);
			dependencies = (
				3ACCAF4321BD302B0075F4C9 /* PBXTargetDependency */,
			);
			name = QuadTreeUITests;
			productName = QuadTreeUITests;
			productReference = 3ACCAF4121BD302B0075F4C9 /* QuadTreeUITests.xctest */;
			productType = "com.apple.product-type.bundle.ui-testing";
		};
/* End PBXNativeTarget section */

/* Begin PBXProject section */
		3ACCAF1A21BD302A0075F4C9 /* Project object */ = {
			isa = PBXProject;
			attributes = {
				LastSwiftUpdateCheck = 0820;
				LastUpgradeCheck = 0820;
				ORGANIZATIONNAME = "Bipin Gohel";
				TargetAttributes = {
					3ACCAF2121BD302A0075F4C9 = {
						CreatedOnToolsVersion = 8.2.1;
						ProvisioningStyle = Automatic;
					};
					3ACCAF3521BD302B0075F4C9 = {
						CreatedOnToolsVersion = 8.2.1;
						ProvisioningStyle = Automatic;
						TestTargetID = 3ACCAF2121BD302A0075F4C9;
					};
					3ACCAF4021BD302B0075F4C9 = {
						CreatedOnToolsVersion = 8.2.1;
						ProvisioningStyle = Automatic;
						TestTargetID = 3ACCAF2121BD302A0075F4C9;
					};
				};
			};
			buildConfigurationList = 3ACCAF1D21BD302A0075F4C9 /* Build configuration list for PBXProject "QuadTree" */;
			compatibilityVersion = "Xcode 3.2";
			developmentRegion = English;
			hasScannedForEncodings = 0;
			knownRegions = (
				en,
				Base,
			);
			mainGroup = 3ACCAF1921BD302A0075F4C9;
			productRefGroup = 3ACCAF2321BD302A0075F4C9 /* Products */;
			projectDirPath = "";
			projectRoot = "";
			targets = (
				3ACCAF2121BD302A0075F4C9 /* QuadTree */,
				3ACCAF3521BD302B0075F4C9 /* QuadTreeTests */,
				3ACCAF4021BD302B0075F4C9 /* QuadTreeUITests */,
			);
		};
/* End PBXProject section */

/* Begin PBXResourcesBuildPhase section */
		3ACCAF2021BD302A0075F4C9 /* Resources */ = {
			isa = PBXResourcesBuildPhase;
			buildActionMask = 2147483647;
			files = (
				3ACCAF3021BD302A0075F4C9 /* LaunchScreen.storyboard in Resources */,
				3ACCAF2D21BD302A0075F4C9 /* Assets.xcassets in Resources */,
				3ACCAF2B21BD302A0075F4C9 /* Main.storyboard in Resources */,
			);
			runOnlyForDeploymentPostprocessing = 0;
		};
		3ACCAF3421BD302B0075F4C9 /* Resources */ = {
			isa = PBXResourcesBuildPhase;
			buildActionMask = 2147483647;
			files = (
			);
			runOnlyForDeploymentPostprocessing = 0;
		};
		3ACCAF3F21BD302B0075F4C9 /* Resources */ = {
			isa = PBXResourcesBuildPhase;
			buildActionMask = 2147483647;
			files = (
			);
			runOnlyForDeploymentPostprocessing = 0;
		};
/* End PBXResourcesBuildPhase section */

/* Begin PBXSourcesBuildPhase section */
		3ACCAF1E21BD302A0075F4C9 /* Sources */ = {
			isa = PBXSourcesBuildPhase;
			buildActionMask = 2147483647;
			files = (
				3ACCAF5421BD35B50075F4C9 /* QuadTree.swift in Sources */,
				3ACCAF2821BD302A0075F4C9 /* ViewController.swift in Sources */,
				3ACCAF2621BD302A0075F4C9 /* AppDelegate.swift in Sources */,
			);
			runOnlyForDeploymentPostprocessing = 0;
		};
		3ACCAF3221BD302B0075F4C9 /* Sources */ = {
			isa = PBXSourcesBuildPhase;
			buildActionMask = 2147483647;
			files = (
				3ACCAF5521BD35B50075F4C9 /* QuadTree.swift in Sources */,
				3ACCAF3B21BD302B0075F4C9 /* QuadTreeTests.swift in Sources */,
			);
			runOnlyForDeploymentPostprocessing = 0;
		};
		3ACCAF3D21BD302B0075F4C9 /* Sources */ = {
			isa = PBXSourcesBuildPhase;
			buildActionMask = 2147483647;
			files = (
				3ACCAF4621BD302B0075F4C9 /* QuadTreeUITests.swift in Sources */,
			);
			runOnlyForDeploymentPostprocessing = 0;
		};
/* End PBXSourcesBuildPhase section */

/* Begin PBXTargetDependency section */
		3ACCAF3821BD302B0075F4C9 /* PBXTargetDependency */ = {
			isa = PBXTargetDependency;
			target = 3ACCAF2121BD302A0075F4C9 /* QuadTree */;
			targetProxy = 3ACCAF3721BD302B0075F4C9 /* PBXContainerItemProxy */;
		};
		3ACCAF4321BD302B0075F4C9 /* PBXTargetDependency */ = {
			isa = PBXTargetDependency;
			target = 3ACCAF2121BD302A0075F4C9 /* QuadTree */;
			targetProxy = 3ACCAF4221BD302B0075F4C9 /* PBXContainerItemProxy */;
		};
/* End PBXTargetDependency section */

/* Begin PBXVariantGroup section */
		3ACCAF2921BD302A0075F4C9 /* Main.storyboard */ = {
			isa = PBXVariantGroup;
			children = (
				3ACCAF2A21BD302A0075F4C9 /* Base */,
			);
			name = Main.storyboard;
			sourceTree = "<group>";
		};
		3ACCAF2E21BD302A0075F4C9 /* LaunchScreen.storyboard */ = {
			isa = PBXVariantGroup;
			children = (
				3ACCAF2F21BD302A0075F4C9 /* Base */,
			);
			name = LaunchScreen.storyboard;
			sourceTree = "<group>";
		};
/* End PBXVariantGroup section */

/* Begin XCBuildConfiguration section */
		3ACCAF4821BD302B0075F4C9 /* Debug */ = {
			isa = XCBuildConfiguration;
			buildSettings = {
				ALWAYS_SEARCH_USER_PATHS = NO;
				CLANG_ANALYZER_NONNULL = YES;
				CLANG_CXX_LANGUAGE_STANDARD = "gnu++0x";
				CLANG_CXX_LIBRARY = "libc++";
				CLANG_ENABLE_MODULES = YES;
				CLANG_ENABLE_OBJC_ARC = YES;
				CLANG_WARN_BOOL_CONVERSION = YES;
				CLANG_WARN_CONSTANT_CONVERSION = YES;
				CLANG_WARN_DIRECT_OBJC_ISA_USAGE = YES_ERROR;
				CLANG_WARN_DOCUMENTATION_COMMENTS = YES;
				CLANG_WARN_EMPTY_BODY = YES;
				CLANG_WARN_ENUM_CONVERSION = YES;
				CLANG_WARN_INFINITE_RECURSION = YES;
				CLANG_WARN_INT_CONVERSION = YES;
				CLANG_WARN_OBJC_ROOT_CLASS = YES_ERROR;
				CLANG_WARN_SUSPICIOUS_MOVE = YES;
				CLANG_WARN_UNREACHABLE_CODE = YES;
				CLANG_WARN__DUPLICATE_METHOD_MATCH = YES;
				"CODE_SIGN_IDENTITY[sdk=iphoneos*]" = "iPhone Developer";
				COPY_PHASE_STRIP = NO;
				DEBUG_INFORMATION_FORMAT = dwarf;
				ENABLE_STRICT_OBJC_MSGSEND = YES;
				ENABLE_TESTABILITY = YES;
				GCC_C_LANGUAGE_STANDARD = gnu99;
				GCC_DYNAMIC_NO_PIC = NO;
				GCC_NO_COMMON_BLOCKS = YES;
				GCC_OPTIMIZATION_LEVEL = 0;
				GCC_PREPROCESSOR_DEFINITIONS = (
					"DEBUG=1",
					"$(inherited)",
				);
				GCC_WARN_64_TO_32_BIT_CONVERSION = YES;
				GCC_WARN_ABOUT_RETURN_TYPE = YES_ERROR;
				GCC_WARN_UNDECLARED_SELECTOR = YES;
				GCC_WARN_UNINITIALIZED_AUTOS = YES_AGGRESSIVE;
				GCC_WARN_UNUSED_FUNCTION = YES;
				GCC_WARN_UNUSED_VARIABLE = YES;
				IPHONEOS_DEPLOYMENT_TARGET = 10.2;
				MTL_ENABLE_DEBUG_INFO = YES;
				ONLY_ACTIVE_ARCH = YES;
				SDKROOT = iphoneos;
				SWIFT_ACTIVE_COMPILATION_CONDITIONS = DEBUG;
				SWIFT_OPTIMIZATION_LEVEL = "-Onone";
				TARGETED_DEVICE_FAMILY = "1,2";
			};
			name = Debug;
		};
		3ACCAF4921BD302B0075F4C9 /* Release */ = {
			isa = XCBuildConfiguration;
			buildSettings = {
				ALWAYS_SEARCH_USER_PATHS = NO;
				CLANG_ANALYZER_NONNULL = YES;
				CLANG_CXX_LANGUAGE_STANDARD = "gnu++0x";
				CLANG_CXX_LIBRARY = "libc++";
				CLANG_ENABLE_MODULES = YES;
				CLANG_ENABLE_OBJC_ARC = YES;
				CLANG_WARN_BOOL_CONVERSION = YES;
				CLANG_WARN_CONSTANT_CONVERSION = YES;
				CLANG_WARN_DIRECT_OBJC_ISA_USAGE = YES_ERROR;
				CLANG_WARN_DOCUMENTATION_COMMENTS = YES;
				CLANG_WARN_EMPTY_BODY = YES;
				CLANG_WARN_ENUM_CONVERSION = YES;
				CLANG_WARN_INFINITE_RECURSION = YES;
				CLANG_WARN_INT_CONVERSION = YES;
				CLANG_WARN_OBJC_ROOT_CLASS = YES_ERROR;
				CLANG_WARN_SUSPICIOUS_MOVE = YES;
				CLANG_WARN_UNREACHABLE_CODE = YES;
				CLANG_WARN__DUPLICATE_METHOD_MATCH = YES;
				"CODE_SIGN_IDENTITY[sdk=iphoneos*]" = "iPhone Developer";
				COPY_PHASE_STRIP = NO;
				DEBUG_INFORMATION_FORMAT = "dwarf-with-dsym";
				ENABLE_NS_ASSERTIONS = NO;
				ENABLE_STRICT_OBJC_MSGSEND = YES;
				GCC_C_LANGUAGE_STANDARD = gnu99;
				GCC_NO_COMMON_BLOCKS = YES;
				GCC_WARN_64_TO_32_BIT_CONVERSION = YES;
				GCC_WARN_ABOUT_RETURN_TYPE = YES_ERROR;
				GCC_WARN_UNDECLARED_SELECTOR = YES;
				GCC_WARN_UNINITIALIZED_AUTOS = YES_AGGRESSIVE;
				GCC_WARN_UNUSED_FUNCTION = YES;
				GCC_WARN_UNUSED_VARIABLE = YES;
				IPHONEOS_DEPLOYMENT_TARGET = 10.2;
				MTL_ENABLE_DEBUG_INFO = NO;
				SDKROOT = iphoneos;
				SWIFT_OPTIMIZATION_LEVEL = "-Owholemodule";
				TARGETED_DEVICE_FAMILY = "1,2";
				VALIDATE_PRODUCT = YES;
			};
			name = Release;
		};
		3ACCAF4B21BD302B0075F4C9 /* Debug */ = {
			isa = XCBuildConfiguration;
			buildSettings = {
				ASSETCATALOG_COMPILER_APPICON_NAME = AppIcon;
				INFOPLIST_FILE = QuadTree/Info.plist;
				LD_RUNPATH_SEARCH_PATHS = "$(inherited) @executable_path/Frameworks";
				PRODUCT_BUNDLE_IDENTIFIER = BipinGohel.QuadTree;
				PRODUCT_NAME = "$(TARGET_NAME)";
				SWIFT_VERSION = 3.0;
			};
			name = Debug;
		};
		3ACCAF4C21BD302B0075F4C9 /* Release */ = {
			isa = XCBuildConfiguration;
			buildSettings = {
				ASSETCATALOG_COMPILER_APPICON_NAME = AppIcon;
				INFOPLIST_FILE = QuadTree/Info.plist;
				LD_RUNPATH_SEARCH_PATHS = "$(inherited) @executable_path/Frameworks";
				PRODUCT_BUNDLE_IDENTIFIER = BipinGohel.QuadTree;
				PRODUCT_NAME = "$(TARGET_NAME)";
				SWIFT_VERSION = 3.0;
			};
			name = Release;
		};
		3ACCAF4E21BD302B0075F4C9 /* Debug */ = {
			isa = XCBuildConfiguration;
			buildSettings = {
				ALWAYS_EMBED_SWIFT_STANDARD_LIBRARIES = YES;
				BUNDLE_LOADER = "$(TEST_HOST)";
				INFOPLIST_FILE = QuadTreeTests/Info.plist;
				LD_RUNPATH_SEARCH_PATHS = "$(inherited) @executable_path/Frameworks @loader_path/Frameworks";
				PRODUCT_BUNDLE_IDENTIFIER = BipinGohel.QuadTreeTests;
				PRODUCT_NAME = "$(TARGET_NAME)";
				SWIFT_VERSION = 3.0;
				TEST_HOST = "$(BUILT_PRODUCTS_DIR)/QuadTree.app/QuadTree";
			};
			name = Debug;
		};
		3ACCAF4F21BD302B0075F4C9 /* Release */ = {
			isa = XCBuildConfiguration;
			buildSettings = {
				ALWAYS_EMBED_SWIFT_STANDARD_LIBRARIES = YES;
				BUNDLE_LOADER = "$(TEST_HOST)";
				INFOPLIST_FILE = QuadTreeTests/Info.plist;
				LD_RUNPATH_SEARCH_PATHS = "$(inherited) @executable_path/Frameworks @loader_path/Frameworks";
				PRODUCT_BUNDLE_IDENTIFIER = BipinGohel.QuadTreeTests;
				PRODUCT_NAME = "$(TARGET_NAME)";
				SWIFT_VERSION = 3.0;
				TEST_HOST = "$(BUILT_PRODUCTS_DIR)/QuadTree.app/QuadTree";
			};
			name = Release;
		};
		3ACCAF5121BD302B0075F4C9 /* Debug */ = {
			isa = XCBuildConfiguration;
			buildSettings = {
				ALWAYS_EMBED_SWIFT_STANDARD_LIBRARIES = YES;
				INFOPLIST_FILE = QuadTreeUITests/Info.plist;
				LD_RUNPATH_SEARCH_PATHS = "$(inherited) @executable_path/Frameworks @loader_path/Frameworks";
				PRODUCT_BUNDLE_IDENTIFIER = BipinGohel.QuadTreeUITests;
				PRODUCT_NAME = "$(TARGET_NAME)";
				SWIFT_VERSION = 3.0;
				TEST_TARGET_NAME = QuadTree;
			};
			name = Debug;
		};
		3ACCAF5221BD302B0075F4C9 /* Release */ = {
			isa = XCBuildConfiguration;
			buildSettings = {
				ALWAYS_EMBED_SWIFT_STANDARD_LIBRARIES = YES;
				INFOPLIST_FILE = QuadTreeUITests/Info.plist;
				LD_RUNPATH_SEARCH_PATHS = "$(inherited) @executable_path/Frameworks @loader_path/Frameworks";
				PRODUCT_BUNDLE_IDENTIFIER = BipinGohel.QuadTreeUITests;
				PRODUCT_NAME = "$(TARGET_NAME)";
				SWIFT_VERSION = 3.0;
				TEST_TARGET_NAME = QuadTree;
			};
			name = Release;
		};
/* End XCBuildConfiguration section */

/* Begin XCConfigurationList section */
		3ACCAF1D21BD302A0075F4C9 /* Build configuration list for PBXProject "QuadTree" */ = {
			isa = XCConfigurationList;
			buildConfigurations = (
				3ACCAF4821BD302B0075F4C9 /* Debug */,
				3ACCAF4921BD302B0075F4C9 /* Release */,
			);
			defaultConfigurationIsVisible = 0;
			defaultConfigurationName = Release;
		};
		3ACCAF4A21BD302B0075F4C9 /* Build configuration list for PBXNativeTarget "QuadTree" */ = {
			isa = XCConfigurationList;
			buildConfigurations = (
				3ACCAF4B21BD302B0075F4C9 /* Debug */,
				3ACCAF4C21BD302B0075F4C9 /* Release */,
			);
			defaultConfigurationIsVisible = 0;
		};
		3ACCAF4D21BD302B0075F4C9 /* Build configuration list for PBXNativeTarget "QuadTreeTests" */ = {
			isa = XCConfigurationList;
			buildConfigurations = (
				3ACCAF4E21BD302B0075F4C9 /* Debug */,
				3ACCAF4F21BD302B0075F4C9 /* Release */,
			);
			defaultConfigurationIsVisible = 0;
		};
		3ACCAF5021BD302B0075F4C9 /* Build configuration list for PBXNativeTarget "QuadTreeUITests" */ = {
			isa = XCConfigurationList;
			buildConfigurations = (
				3ACCAF5121BD302B0075F4C9 /* Debug */,
				3ACCAF5221BD302B0075F4C9 /* Release */,
			);
			defaultConfigurationIsVisible = 0;
		};
/* End XCConfigurationList section */
	};
	rootObject = 3ACCAF1A21BD302A0075F4C9 /* Project object */;
}
